
Microsoft Visual Studio Solution File, Format Version 12.00
# Visual Studio Version 16
VisualStudioVersion = 16.0.29424.173
MinimumVisualStudioVersion = 10.0.40219.1
Project("{FAE04EC0-301F-11D3-BF4B-00C04F79EFBC}") = "o1_ekranKoruyucu", "o1_ekranKoruyucu\o1_ekranKoruyucu.csproj", "{D9C812DC-70CE-41F4-9213-70C145FE6BDA}"
EndProject
Global
	GlobalSection(SolutionConfigurationPlatforms) = preSolution
		Debug|Any CPU = Debug|Any CPU
		Release|Any CPU = Release|Any CPU
	EndGlobalSection
	GlobalSection(ProjectConfigurationPlatforms) = postSolution
		{D9C812DC-70CE-41F4-9213-70C145FE6BDA}.Debug|Any CPU.ActiveCfg = Debug|Any CPU
		{D9C812DC-70CE-41F4-9213-70C145FE6BDA}.Debug|Any CPU.Build.0 = Debug|Any CPU
		{D9C812DC-70CE-41F4-9213-70C145FE6BDA}.Release|Any CPU.ActiveCfg = Release|Any CPU
		{D9C812DC-70CE-41F4-9213-70C145FE6BDA}.Release|Any CPU.Build.0 = Release|Any CPU
	EndGlobalSection
	GlobalSection(SolutionProperties) = preSolution
		HideSolutionNode = FALSE
	EndGlobalSection
	GlobalSection(ExtensibilityGlobals) = postSolution
		SolutionGuid = {B1058114-B6D0-4D32-96D1-85ED8C7D3B38}
	EndGlobalSection
EndGlobal
